PODS:
  - awesome_notifications (0.11.0):
    - Flutter
    - IosAwnCore (~> 0.11.0)
  - Flutter (1.0.0)
  - flutter_inappwebview_ios (0.0.1):
    - Flutter
    - flutter_inappwebview_ios/Core (= 0.0.1)
    - OrderedSet (~> 6.0.3)
  - flutter_inappwebview_ios/Core (0.0.1):
    - Flutter
    - OrderedSet (~> 6.0.3)
  - IosAwnCore (0.11.0)
  - OrderedSet (6.0.3)

DEPENDENCIES:
  - awesome_notifications (from `.symlinks/plugins/awesome_notifications/ios`)
  - Flutter (from `Flutter`)
  - flutter_inappwebview_ios (from `.symlinks/plugins/flutter_inappwebview_ios/ios`)
  - IosAwnCore (from `https://github.com/rafaelsetragni/IosAwnCore.git`, tag `0.11.0`)

SPEC REPOS:
  trunk:
    - OrderedSet

EXTERNAL SOURCES:
  awesome_notifications:
    :path: ".symlinks/plugins/awesome_notifications/ios"
  Flutter:
    :path: Flutter
  flutter_inappwebview_ios:
    :path: ".symlinks/plugins/flutter_inappwebview_ios/ios"
  IosAwnCore:
    :git: https://github.com/rafaelsetragni/IosAwnCore.git
    :tag: 0.11.0

CHECKOUT OPTIONS:
  IosAwnCore:
    :git: https://github.com/rafaelsetragni/IosAwnCore.git
    :tag: 0.11.0

SPEC CHECKSUMS:
  awesome_notifications: 8291dd4082db761556cd8bf7977567f5c960c87e
  Flutter: cabc95a1d2626b1b06e7179b784ebcf0c0cde467
  flutter_inappwebview_ios: b89ba3482b96fb25e00c967aae065701b66e9b99
  IosAwnCore: 32019505f4a4909fa9079ee401b2c82aeeab78a8
  OrderedSet: e539b66b644ff081c73a262d24ad552a69be3a94

PODFILE CHECKSUM: 15ab1edbfea092d01dfd999b2bfa4d651d287954

COCOAPODS: 1.16.2
